
Microsoft Visual Studio Solution File, Format Version 12.00
# Visual Studio 15
VisualStudioVersion = 15.0.27703.2018
MinimumVisualStudioVersion = 10.0.40219.1
Project("{9A19103F-16F7-4668-BE54-9A1E7A4F7556}") = "FirServer", "FirServer\FirServer.csproj", "{743E28EC-0AD0-44E2-A758-DF1EF6E755BD}"
EndProject
Project("{9A19103F-16F7-4668-BE54-9A1E7A4F7556}") = "LibCommon", "LibCommon\LibCommon.csproj", "{4446A5B4-32FC-4A8C-A598-55298BAB800C}"
EndProject
Global
	GlobalSection(SolutionConfigurationPlatforms) = preSolution
		Debug|Any CPU = Debug|Any CPU
		Release|Any CPU = Release|Any CPU
	EndGlobalSection
	GlobalSection(ProjectConfigurationPlatforms) = postSolution
		{743E28EC-0AD0-44E2-A758-DF1EF6E755BD}.Debug|Any CPU.ActiveCfg = Debug|Any CPU
		{743E28EC-0AD0-44E2-A758-DF1EF6E755BD}.Debug|Any CPU.Build.0 = Debug|Any CPU
		{743E28EC-0AD0-44E2-A758-DF1EF6E755BD}.Release|Any CPU.ActiveCfg = Release|Any CPU
		{743E28EC-0AD0-44E2-A758-DF1EF6E755BD}.Release|Any CPU.Build.0 = Release|Any CPU
		{4446A5B4-32FC-4A8C-A598-55298BAB800C}.Debug|Any CPU.ActiveCfg = Debug|Any CPU
		{4446A5B4-32FC-4A8C-A598-55298BAB800C}.Debug|Any CPU.Build.0 = Debug|Any CPU
		{4446A5B4-32FC-4A8C-A598-55298BAB800C}.Release|Any CPU.ActiveCfg = Release|Any CPU
		{4446A5B4-32FC-4A8C-A598-55298BAB800C}.Release|Any CPU.Build.0 = Release|Any CPU
	EndGlobalSection
	GlobalSection(SolutionProperties) = preSolution
		HideSolutionNode = FALSE
	EndGlobalSection
	GlobalSection(ExtensibilityGlobals) = postSolution
		SolutionGuid = {90643DB0-FEF2-448F-BAB2-10769798D3A2}
	EndGlobalSection
EndGlobal
